# This file is automatically @generated by Cargo.
# It is not intended for manual editing.
version = 4

[[package]]
name = "aruna"
version = "3.0.0"

[[package]]
name = "aruna-api"
version = "3.0.0"

[[package]]
name = "aruna-core"
version = "3.0.0"

[[package]]
name = "aruna-net"
version = "3.0.0"

[[package]]
name = "aruna-operations"
version = "3.0.0"

[[package]]
name = "aruna-search"
version = "3.0.0"

[[package]]
name = "aruna-storage"
version = "3.0.0"

[[package]]
name = "aruna-tasks"
version = "3.0.0"

[[package]]
name = "aruna-tools"
version = "3.0.0"
